
Microsoft Visual Studio Solution File, Format Version 12.00
# Visual Studio Version 16
VisualStudioVersion = 16.0.29609.76
MinimumVisualStudioVersion = 10.0.40219.1
Project("{9A19103F-16F7-4668-BE54-9A1E7A4F7556}") = "Azure.ApiManagement.Client", "Azure.ApiManagement.Client\Azure.ApiManagement.Client.csproj", "{F44038DB-26FB-4F39-B0B3-9BA8F25E086B}"
EndProject
Project("{9A19103F-16F7-4668-BE54-9A1E7A4F7556}") = "Azure.ApiManagement.Test", "Azure.ApiManagement.Test\Azure.ApiManagement.Test.csproj", "{BDAA36C7-A2A2-45C0-8F39-91D91D577E37}"
EndProject
Global
	GlobalSection(SolutionConfigurationPlatforms) = preSolution
		Debug|Any CPU = Debug|Any CPU
		Release|Any CPU = Release|Any CPU
	EndGlobalSection
	GlobalSection(ProjectConfigurationPlatforms) = postSolution
		{F44038DB-26FB-4F39-B0B3-9BA8F25E086B}.Debug|Any CPU.ActiveCfg = Debug|Any CPU
		{F44038DB-26FB-4F39-B0B3-9BA8F25E086B}.Debug|Any CPU.Build.0 = Debug|Any CPU
		{F44038DB-26FB-4F39-B0B3-9BA8F25E086B}.Release|Any CPU.ActiveCfg = Release|Any CPU
		{F44038DB-26FB-4F39-B0B3-9BA8F25E086B}.Release|Any CPU.Build.0 = Release|Any CPU
		{BDAA36C7-A2A2-45C0-8F39-91D91D577E37}.Debug|Any CPU.ActiveCfg = Debug|Any CPU
		{BDAA36C7-A2A2-45C0-8F39-91D91D577E37}.Debug|Any CPU.Build.0 = Debug|Any CPU
		{BDAA36C7-A2A2-45C0-8F39-91D91D577E37}.Release|Any CPU.ActiveCfg = Release|Any CPU
		{BDAA36C7-A2A2-45C0-8F39-91D91D577E37}.Release|Any CPU.Build.0 = Release|Any CPU
	EndGlobalSection
	GlobalSection(SolutionProperties) = preSolution
		HideSolutionNode = FALSE
	EndGlobalSection
	GlobalSection(ExtensibilityGlobals) = postSolution
		SolutionGuid = {F8AE4655-9219-4AB2-9137-BA273BA8D426}
	EndGlobalSection
EndGlobal
